// !$*UTF8*$!
{
	archiveVersion = 1;
	classes = {
	};
	objectVersion = 50;
	objects = {

/* Begin PBXBuildFile section */
		1801BD6122DCD10800668A00 /* AppDelegate.swift in Sources */ = {isa = PBXBuildFile; fileRef = 1801BD6022DCD10800668A00 /* AppDelegate.swift */; };
		1801BD6622DCD10800668A00 /* Main.storyboard in Resources */ = {isa = PBXBuildFile; fileRef = 1801BD6422DCD10800668A00 /* Main.storyboard */; };
		1801BD6922DCD10800668A00 /* ToDoList.xcdatamodeld in Sources */ = {isa = PBXBuildFile; fileRef = 1801BD6722DCD10800668A00 /* ToDoList.xcdatamodeld */; };
		1801BD6B22DCD10800668A00 /* Assets.xcassets in Resources */ = {isa = PBXBuildFile; fileRef = 1801BD6A22DCD10800668A00 /* Assets.xcassets */; };
		1801BD6E22DCD10800668A00 /* LaunchScreen.storyboard in Resources */ = {isa = PBXBuildFile; fileRef = 1801BD6C22DCD10800668A00 /* LaunchScreen.storyboard */; };
		1801BD7922DCD10800668A00 /* ToDoListTests.swift in Sources */ = {isa = PBXBuildFile; fileRef = 1801BD7822DCD10800668A00 /* ToDoListTests.swift */; };
		1801BD8422DCD10800668A00 /* ToDoListUITests.swift in Sources */ = {isa = PBXBuildFile; fileRef = 1801BD8322DCD10800668A00 /* ToDoListUITests.swift */; };
		1801BD9222DCD29700668A00 /* TableViewController.swift in Sources */ = {isa = PBXBuildFile; fileRef = 1801BD9122DCD29700668A00 /* TableViewController.swift */; };
		1801BD9422DCD40F00668A00 /* ToDo.swift in Sources */ = {isa = PBXBuildFile; fileRef = 1801BD9322DCD40F00668A00 /* ToDo.swift */; };
		1801BD9622DCE4C000668A00 /* AddToDoTableViewController.swift in Sources */ = {isa = PBXBuildFile; fileRef = 1801BD9522DCE4C000668A00 /* AddToDoTableViewController.swift */; };
		1801BD9822DCFF9900668A00 /* CompleteToDoTableViewController.swift in Sources */ = {isa = PBXBuildFile; fileRef = 1801BD9722DCFF9900668A00 /* CompleteToDoTableViewController.swift */; };
/* End PBXBuildFile section */

/* Begin PBXContainerItemProxy section */
		1801BD7522DCD10800668A00 /* PBXContainerItemProxy */ = {
			isa = PBXContainerItemProxy;
			containerPortal = 1801BD5522DCD10800668A00 /* Project object */;
			proxyType = 1;
			remoteGlobalIDString = 1801BD5C22DCD10800668A00;
			remoteInfo = ToDoList;
		};
		1801BD8022DCD10800668A00 /* PBXContainerItemProxy */ = {
			isa = PBXContainerItemProxy;
			containerPortal = 1801BD5522DCD10800668A00 /* Project object */;
			proxyType = 1;
			remoteGlobalIDString = 1801BD5C22DCD10800668A00;
			remoteInfo = ToDoList;
		};
/* End PBXContainerItemProxy section */

/* Begin PBXFileReference section */
		1801BD5D22DCD10800668A00 /* ToDoList.app */ = {isa = PBXFileReference; explicitFileType = wrapper.application; includeInIndex = 0; path = ToDoList.app; sourceTree = BUILT_PRODUCTS_DIR; };
		1801BD6022DCD10800668A00 /* AppDelegate.swift */ = {isa = PBXFileReference; lastKnownFileType = sourcecode.swift; path = AppDelegate.swift; sourceTree = "<group>"; };
		1801BD6522DCD10800668A00 /* Base */ = {isa = PBXFileReference; lastKnownFileType = file.storyboard; name = Base; path = Base.lproj/Main.storyboard; sourceTree = "<group>"; };
		1801BD6822DCD10800668A00 /* ToDoList.xcdatamodel */ = {isa = PBXFileReference; lastKnownFileType = wrapper.xcdatamodel; path = ToDoList.xcdatamodel; sourceTree = "<group>"; };
		1801BD6A22DCD10800668A00 /* Assets.xcassets */ = {isa = PBXFileReference; lastKnownFileType = folder.assetcatalog; path = Assets.xcassets; sourceTree = "<group>"; };
		1801BD6D22DCD10800668A00 /* Base */ = {isa = PBXFileReference; lastKnownFileType = file.storyboard; name = Base; path = Base.lproj/LaunchScreen.storyboard; sourceTree = "<group>"; };
		1801BD6F22DCD10800668A00 /* Info.plist */ = {isa = PBXFileReference; lastKnownFileType = text.plist.xml; path = Info.plist; sourceTree = "<group>"; };
		1801BD7422DCD10800668A00 /* ToDoListTests.xctest */ = {isa = PBXFileReference; explicitFileType = wrapper.cfbundle; includeInIndex = 0; path = ToDoListTests.xctest; sourceTree = BUILT_PRODUCTS_DIR; };
		1801BD7822DCD10800668A00 /* ToDoListTests.swift */ = {isa = PBXFileReference; lastKnownFileType = sourcecode.swift; path = ToDoListTests.swift; sourceTree = "<group>"; };
		1801BD7A22DCD10800668A00 /* Info.plist */ = {isa = PBXFileReference; lastKnownFileType = text.plist.xml; path = Info.plist; sourceTree = "<group>"; };
		1801BD7F22DCD10800668A00 /* ToDoListUITests.xctest */ = {isa = PBXFileReference; explicitFileType = wrapper.cfbundle; includeInIndex = 0; path = ToDoListUITests.xctest; sourceTree = BUILT_PRODUCTS_DIR; };
		1801BD8322DCD10800668A00 /* ToDoListUITests.swift */ = {isa = PBXFileReference; lastKnownFileType = sourcecode.swift; path = ToDoListUITests.swift; sourceTree = "<group>"; };
		1801BD8522DCD10800668A00 /* Info.plist */ = {isa = PBXFileReference; lastKnownFileType = text.plist.xml; path = Info.plist; sourceTree = "<group>"; };
		1801BD9122DCD29700668A00 /* TableViewController.swift */ = {isa = PBXFileReference; lastKnownFileType = sourcecode.swift; path = TableViewController.swift; sourceTree = "<group>"; };
		1801BD9322DCD40F00668A00 /* ToDo.swift */ = {isa = PBXFileReference; lastKnownFileType = sourcecode.swift; path = ToDo.swift; sourceTree = "<group>"; };
		1801BD9522DCE4C000668A00 /* AddToDoTableViewController.swift */ = {isa = PBXFileReference; lastKnownFileType = sourcecode.swift; path = AddToDoTableViewController.swift; sourceTree = "<group>"; };
		1801BD9722DCFF9900668A00 /* CompleteToDoTableViewController.swift */ = {isa = PBXFileReference; lastKnownFileType = sourcecode.swift; path = CompleteToDoTableViewController.swift; sourceTree = "<group>"; };
/* End PBXFileReference section */

/* Begin PBXFrameworksBuildPhase section */
		1801BD5A22DCD10800668A00 /* Frameworks */ = {
			isa = PBXFrameworksBuildPhase;
			buildActionMask = 2147483647;
			files = (
			);
			runOnlyForDeploymentPostprocessing = 0;
		};
		1801BD7122DCD10800668A00 /* Frameworks */ = {
			isa = PBXFrameworksBuildPhase;
			buildActionMask = 2147483647;
			files = (
			);
			runOnlyForDeploymentPostprocessing = 0;
		};
		1801BD7C22DCD10800668A00 /* Frameworks */ = {
			isa = PBXFrameworksBuildPhase;
			buildActionMask = 2147483647;
			files = (
			);
			runOnlyForDeploymentPostprocessing = 0;
		};
/* End PBXFrameworksBuildPhase section */

/* Begin PBXGroup section */
		1801BD5422DCD10800668A00 = {
			isa = PBXGroup;
			children = (
				1801BD5F22DCD10800668A00 /* ToDoList */,
				1801BD7722DCD10800668A00 /* ToDoListTests */,
				1801BD8222DCD10800668A00 /* ToDoListUITests */,
				1801BD5E22DCD10800668A00 /* Products */,
			);
			sourceTree = "<group>";
		};
		1801BD5E22DCD10800668A00 /* Products */ = {
			isa = PBXGroup;
			children = (
				1801BD5D22DCD10800668A00 /* ToDoList.app */,
				1801BD7422DCD10800668A00 /* ToDoListTests.xctest */,
				1801BD7F22DCD10800668A00 /* ToDoListUITests.xctest */,
			);
			name = Products;
			sourceTree = "<group>";
		};
		1801BD5F22DCD10800668A00 /* ToDoList */ = {
			isa = PBXGroup;
			children = (
				1801BD6022DCD10800668A00 /* AppDelegate.swift */,
				1801BD6422DCD10800668A00 /* Main.storyboard */,
				1801BD9722DCFF9900668A00 /* CompleteToDoTableViewController.swift */,
				1801BD9522DCE4C000668A00 /* AddToDoTableViewController.swift */,
				1801BD9322DCD40F00668A00 /* ToDo.swift */,
				1801BD9122DCD29700668A00 /* TableViewController.swift */,
				1801BD6A22DCD10800668A00 /* Assets.xcassets */,
				1801BD6C22DCD10800668A00 /* LaunchScreen.storyboard */,
				1801BD6F22DCD10800668A00 /* Info.plist */,
				1801BD6722DCD10800668A00 /* ToDoList.xcdatamodeld */,
			);
			path = ToDoList;
			sourceTree = "<group>";
		};
		1801BD7722DCD10800668A00 /* ToDoListTests */ = {
			isa = PBXGroup;
			children = (
				1801BD7822DCD10800668A00 /* ToDoListTests.swift */,
				1801BD7A22DCD10800668A00 /* Info.plist */,
			);
			path = ToDoListTests;
			sourceTree = "<group>";
		};
		1801BD8222DCD10800668A00 /* ToDoListUITests */ = {
			isa = PBXGroup;
			children = (
				1801BD8322DCD10800668A00 /* ToDoListUITests.swift */,
				1801BD8522DCD10800668A00 /* Info.plist */,
			);
			path = ToDoListUITests;
			sourceTree = "<group>";
		};
/* End PBXGroup section */

/* Begin PBXNativeTarget section */
		1801BD5C22DCD10800668A00 /* ToDoList */ = {
			isa = PBXNativeTarget;
			buildConfigurationList = 1801BD8822DCD10800668A00 /* Build configuration list for PBXNativeTarget "ToDoList" */;
			buildPhases = (
				1801BD5922DCD10800668A00 /* Sources */,
				1801BD5A22DCD10800668A00 /* Frameworks */,
				1801BD5B22DCD10800668A00 /* Resources */,
			);
			buildRules = (
			);
			dependencies = (
			);
			name = ToDoList;
			productName = ToDoList;
			productReference = 1801BD5D22DCD10800668A00 /* ToDoList.app */;
			productType = "com.apple.product-type.application";
		};
		1801BD7322DCD10800668A00 /* ToDoListTests */ = {
			isa = PBXNativeTarget;
			buildConfigurationList = 1801BD8B22DCD10800668A00 /* Build configuration list for PBXNativeTarget "ToDoListTests" */;
			buildPhases = (
				1801BD7022DCD10800668A00 /* Sources */,
				1801BD7122DCD10800668A00 /* Frameworks */,
				1801BD7222DCD10800668A00 /* Resources */,
			);
			buildRules = (
			);
			dependencies = (
				1801BD7622DCD10800668A00 /* PBXTargetDependency */,
			);
			name = ToDoListTests;
			productName = ToDoListTests;
			productReference = 1801BD7422DCD10800668A00 /* ToDoListTests.xctest */;
			productType = "com.apple.product-type.bundle.unit-test";
		};
		1801BD7E22DCD10800668A00 /* ToDoListUITests */ = {
			isa = PBXNativeTarget;
			buildConfigurationList = 1801BD8E22DCD10800668A00 /* Build configuration list for PBXNativeTarget "ToDoListUITests" */;
			buildPhases = (
				1801BD7B22DCD10800668A00 /* Sources */,
				1801BD7C22DCD10800668A00 /* Frameworks */,
				1801BD7D22DCD10800668A00 /* Resources */,
			);
			buildRules = (
			);
			dependencies = (
				1801BD8122DCD10800668A00 /* PBXTargetDependency */,
			);
			name = ToDoListUITests;
			productName = ToDoListUITests;
			productReference = 1801BD7F22DCD10800668A00 /* ToDoListUITests.xctest */;
			productType = "com.apple.product-type.bundle.ui-testing";
		};
/* End PBXNativeTarget section */

/* Begin PBXProject section */
		1801BD5522DCD10800668A00 /* Project object */ = {
			isa = PBXProject;
			attributes = {
				LastSwiftUpdateCheck = 1020;
				LastUpgradeCheck = 1020;
				ORGANIZATIONNAME = Apple;
				TargetAttributes = {
					1801BD5C22DCD10800668A00 = {
						CreatedOnToolsVersion = 10.2.1;
					};
					1801BD7322DCD10800668A00 = {
						CreatedOnToolsVersion = 10.2.1;
						TestTargetID = 1801BD5C22DCD10800668A00;
					};
					1801BD7E22DCD10800668A00 = {
						CreatedOnToolsVersion = 10.2.1;
						TestTargetID = 1801BD5C22DCD10800668A00;
					};
				};
			};
			buildConfigurationList = 1801BD5822DCD10800668A00 /* Build configuration list for PBXProject "ToDoList" */;
			compatibilityVersion = "Xcode 9.3";
			developmentRegion = en;
			hasScannedForEncodings = 0;
			knownRegions = (
				en,
				Base,
			);
			mainGroup = 1801BD5422DCD10800668A00;
			productRefGroup = 1801BD5E22DCD10800668A00 /* Products */;
			projectDirPath = "";
			projectRoot = "";
			targets = (
				1801BD5C22DCD10800668A00 /* ToDoList */,
				1801BD7322DCD10800668A00 /* ToDoListTests */,
				1801BD7E22DCD10800668A00 /* ToDoListUITests */,
			);
		};
/* End PBXProject section */

/* Begin PBXResourcesBuildPhase section */
		1801BD5B22DCD10800668A00 /* Resources */ = {
			isa = PBXResourcesBuildPhase;
			buildActionMask = 2147483647;
			files = (
				1801BD6E22DCD10800668A00 /* LaunchScreen.storyboard in Resources */,
				1801BD6B22DCD10800668A00 /* Assets.xcassets in Resources */,
				1801BD6622DCD10800668A00 /* Main.storyboard in Resources */,
			);
			runOnlyForDeploymentPostprocessing = 0;
		};
		1801BD7222DCD10800668A00 /* Resources */ = {
			isa = PBXResourcesBuildPhase;
			buildActionMask = 2147483647;
			files = (
			);
			runOnlyForDeploymentPostprocessing = 0;
		};
		1801BD7D22DCD10800668A00 /* Resources */ = {
			isa = PBXResourcesBuildPhase;
			buildActionMask = 2147483647;
			files = (
			);
			runOnlyForDeploymentPostprocessing = 0;
		};
/* End PBXResourcesBuildPhase section */

/* Begin PBXSourcesBuildPhase section */
		1801BD5922DCD10800668A00 /* Sources */ = {
			isa = PBXSourcesBuildPhase;
			buildActionMask = 2147483647;
			files = (
				1801BD9822DCFF9900668A00 /* CompleteToDoTableViewController.swift in Sources */,
				1801BD6922DCD10800668A00 /* ToDoList.xcdatamodeld in Sources */,
				1801BD9222DCD29700668A00 /* TableViewController.swift in Sources */,
				1801BD6122DCD10800668A00 /* AppDelegate.swift in Sources */,
				1801BD9622DCE4C000668A00 /* AddToDoTableViewController.swift in Sources */,
				1801BD9422DCD40F00668A00 /* ToDo.swift in Sources */,
			);
			runOnlyForDeploymentPostprocessing = 0;
		};
		1801BD7022DCD10800668A00 /* Sources */ = {
			isa = PBXSourcesBuildPhase;
			buildActionMask = 2147483647;
			files = (
				1801BD7922DCD10800668A00 /* ToDoListTests.swift in Sources */,
			);
			runOnlyForDeploymentPostprocessing = 0;
		};
		1801BD7B22DCD10800668A00 /* Sources */ = {
			isa = PBXSourcesBuildPhase;
			buildActionMask = 2147483647;
			files = (
				1801BD8422DCD10800668A00 /* ToDoListUITests.swift in Sources */,
			);
			runOnlyForDeploymentPostprocessing = 0;
		};
/* End PBXSourcesBuildPhase section */

/* Begin PBXTargetDependency section */
		1801BD7622DCD10800668A00 /* PBXTargetDependency */ = {
			isa = PBXTargetDependency;
			target = 1801BD5C22DCD10800668A00 /* ToDoList */;
			targetProxy = 1801BD7522DCD10800668A00 /* PBXContainerItemProxy */;
		};
		1801BD8122DCD10800668A00 /* PBXTargetDependency */ = {
			isa = PBXTargetDependency;
			target = 1801BD5C22DCD10800668A00 /* ToDoList */;
			targetProxy = 1801BD8022DCD10800668A00 /* PBXContainerItemProxy */;
		};
/* End PBXTargetDependency section */

/* Begin PBXVariantGroup section */
		1801BD6422DCD10800668A00 /* Main.storyboard */ = {
			isa = PBXVariantGroup;
			children = (
				1801BD6522DCD10800668A00 /* Base */,
			);
			name = Main.storyboard;
			sourceTree = "<group>";
		};
		1801BD6C22DCD10800668A00 /* LaunchScreen.storyboard */ = {
			isa = PBXVariantGroup;
			children = (
				1801BD6D22DCD10800668A00 /* Base */,
			);
			name = LaunchScreen.storyboard;
			sourceTree = "<group>";
		};
/* End PBXVariantGroup section */

/* Begin XCBuildConfiguration section */
		1801BD8622DCD10800668A00 /* Debug */ = {
			isa = XCBuildConfiguration;
			buildSettings = {
				ALWAYS_SEARCH_USER_PATHS = NO;
				CLANG_ANALYZER_NONNULL = YES;
				CLANG_ANALYZER_NUMBER_OBJECT_CONVERSION = YES_AGGRESSIVE;
				CLANG_CXX_LANGUAGE_STANDARD = "gnu++14";
				CLANG_CXX_LIBRARY = "libc++";
				CLANG_ENABLE_MODULES = YES;
				CLANG_ENABLE_OBJC_ARC = YES;
				CLANG_ENABLE_OBJC_WEAK = YES;
				CLANG_WARN_BLOCK_CAPTURE_AUTORELEASING = YES;
				CLANG_WARN_BOOL_CONVERSION = YES;
				CLANG_WARN_COMMA = YES;
				CLANG_WARN_CONSTANT_CONVERSION = YES;
				CLANG_WARN_DEPRECATED_OBJC_IMPLEMENTATIONS = YES;
				CLANG_WARN_DIRECT_OBJC_ISA_USAGE = YES_ERROR;
				CLANG_WARN_DOCUMENTATION_COMMENTS = YES;
				CLANG_WARN_EMPTY_BODY = YES;
				CLANG_WARN_ENUM_CONVERSION = YES;
				CLANG_WARN_INFINITE_RECURSION = YES;
				CLANG_WARN_INT_CONVERSION = YES;
				CLANG_WARN_NON_LITERAL_NULL_CONVERSION = YES;
				CLANG_WARN_OBJC_IMPLICIT_RETAIN_SELF = YES;
				CLANG_WARN_OBJC_LITERAL_CONVERSION = YES;
				CLANG_WARN_OBJC_ROOT_CLASS = YES_ERROR;
				CLANG_WARN_RANGE_LOOP_ANALYSIS = YES;
				CLANG_WARN_STRICT_PROTOTYPES = YES;
				CLANG_WARN_SUSPICIOUS_MOVE = YES;
				CLANG_WARN_UNGUARDED_AVAILABILITY = YES_AGGRESSIVE;
				CLANG_WARN_UNREACHABLE_CODE = YES;
				CLANG_WARN__DUPLICATE_METHOD_MATCH = YES;
				CODE_SIGN_IDENTITY = "iPhone Developer";
				COPY_PHASE_STRIP = NO;
				DEBUG_INFORMATION_FORMAT = dwarf;
				ENABLE_STRICT_OBJC_MSGSEND = YES;
				ENABLE_TESTABILITY = YES;
				GCC_C_LANGUAGE_STANDARD = gnu11;
				GCC_DYNAMIC_NO_PIC = NO;
				GCC_NO_COMMON_BLOCKS = YES;
				GCC_OPTIMIZATION_LEVEL = 0;
				GCC_PREPROCESSOR_DEFINITIONS = (
					"DEBUG=1",
					"$(inherited)",
				);
				GCC_WARN_64_TO_32_BIT_CONVERSION = YES;
				GCC_WARN_ABOUT_RETURN_TYPE = YES_ERROR;
				GCC_WARN_UNDECLARED_SELECTOR = YES;
				GCC_WARN_UNINITIALIZED_AUTOS = YES_AGGRESSIVE;
				GCC_WARN_UNUSED_FUNCTION = YES;
				GCC_WARN_UNUSED_VARIABLE = YES;
				IPHONEOS_DEPLOYMENT_TARGET = 12.2;
				MTL_ENABLE_DEBUG_INFO = INCLUDE_SOURCE;
				MTL_FAST_MATH = YES;
				ONLY_ACTIVE_ARCH = YES;
				SDKROOT = iphoneos;
				SWIFT_ACTIVE_COMPILATION_CONDITIONS = DEBUG;
				SWIFT_OPTIMIZATION_LEVEL = "-Onone";
			};
			name = Debug;
		};
		1801BD8722DCD10800668A00 /* Release */ = {
			isa = XCBuildConfiguration;
			buildSettings = {
				ALWAYS_SEARCH_USER_PATHS = NO;
				CLANG_ANALYZER_NONNULL = YES;
				CLANG_ANALYZER_NUMBER_OBJECT_CONVERSION = YES_AGGRESSIVE;
				CLANG_CXX_LANGUAGE_STANDARD = "gnu++14";
				CLANG_CXX_LIBRARY = "libc++";
				CLANG_ENABLE_MODULES = YES;
				CLANG_ENABLE_OBJC_ARC = YES;
				CLANG_ENABLE_OBJC_WEAK = YES;
				CLANG_WARN_BLOCK_CAPTURE_AUTORELEASING = YES;
				CLANG_WARN_BOOL_CONVERSION = YES;
				CLANG_WARN_COMMA = YES;
				CLANG_WARN_CONSTANT_CONVERSION = YES;
				CLANG_WARN_DEPRECATED_OBJC_IMPLEMENTATIONS = YES;
				CLANG_WARN_DIRECT_OBJC_ISA_USAGE = YES_ERROR;
				CLANG_WARN_DOCUMENTATION_COMMENTS = YES;
				CLANG_WARN_EMPTY_BODY = YES;
				CLANG_WARN_ENUM_CONVERSION = YES;
				CLANG_WARN_INFINITE_RECURSION = YES;
				CLANG_WARN_INT_CONVERSION = YES;
				CLANG_WARN_NON_LITERAL_NULL_CONVERSION = YES;
				CLANG_WARN_OBJC_IMPLICIT_RETAIN_SELF = YES;
				CLANG_WARN_OBJC_LITERAL_CONVERSION = YES;
				CLANG_WARN_OBJC_ROOT_CLASS = YES_ERROR;
				CLANG_WARN_RANGE_LOOP_ANALYSIS = YES;
				CLANG_WARN_STRICT_PROTOTYPES = YES;
				CLANG_WARN_SUSPICIOUS_MOVE = YES;
				CLANG_WARN_UNGUARDED_AVAILABILITY = YES_AGGRESSIVE;
				CLANG_WARN_UNREACHABLE_CODE = YES;
				CLANG_WARN__DUPLICATE_METHOD_MATCH = YES;
				CODE_SIGN_IDENTITY = "iPhone Developer";
				COPY_PHASE_STRIP = NO;
				DEBUG_INFORMATION_FORMAT = "dwarf-with-dsym";
				ENABLE_NS_ASSERTIONS = NO;
				ENABLE_STRICT_OBJC_MSGSEND = YES;
				GCC_C_LANGUAGE_STANDARD = gnu11;
				GCC_NO_COMMON_BLOCKS = YES;
				GCC_WARN_64_TO_32_BIT_CONVERSION = YES;
				GCC_WARN_ABOUT_RETURN_TYPE = YES_ERROR;
				GCC_WARN_UNDECLARED_SELECTOR = YES;
				GCC_WARN_UNINITIALIZED_AUTOS = YES_AGGRESSIVE;
				GCC_WARN_UNUSED_FUNCTION = YES;
				GCC_WARN_UNUSED_VARIABLE = YES;
				IPHONEOS_DEPLOYMENT_TARGET = 12.2;
				MTL_ENABLE_DEBUG_INFO = NO;
				MTL_FAST_MATH = YES;
				SDKROOT = iphoneos;
				SWIFT_COMPILATION_MODE = wholemodule;
				SWIFT_OPTIMIZATION_LEVEL = "-O";
				VALIDATE_PRODUCT = YES;
			};
			name = Release;
		};
		1801BD8922DCD10800668A00 /* Debug */ = {
			isa = XCBuildConfiguration;
			buildSettings = {
				ASSETCATALOG_COMPILER_APPICON_NAME = AppIcon;
				CODE_SIGN_STYLE = Automatic;
				INFOPLIST_FILE = ToDoList/Info.plist;
				LD_RUNPATH_SEARCH_PATHS = (
					"$(inherited)",
					"@executable_path/Frameworks",
				);
				PRODUCT_BUNDLE_IDENTIFIER = KWK.ToDoList;
				PRODUCT_NAME = "$(TARGET_NAME)";
				SWIFT_VERSION = 5.0;
				TARGETED_DEVICE_FAMILY = "1,2";
			};
			name = Debug;
		};
		1801BD8A22DCD10800668A00 /* Release */ = {
			isa = XCBuildConfiguration;
			buildSettings = {
				ASSETCATALOG_COMPILER_APPICON_NAME = AppIcon;
				CODE_SIGN_STYLE = Automatic;
				INFOPLIST_FILE = ToDoList/Info.plist;
				LD_RUNPATH_SEARCH_PATHS = (
					"$(inherited)",
					"@executable_path/Frameworks",
				);
				PRODUCT_BUNDLE_IDENTIFIER = KWK.ToDoList;
				PRODUCT_NAME = "$(TARGET_NAME)";
				SWIFT_VERSION = 5.0;
				TARGETED_DEVICE_FAMILY = "1,2";
			};
			name = Release;
		};
		1801BD8C22DCD10800668A00 /* Debug */ = {
			isa = XCBuildConfiguration;
			buildSettings = {
				ALWAYS_EMBED_SWIFT_STANDARD_LIBRARIES = YES;
				BUNDLE_LOADER = "$(TEST_HOST)";
				CODE_SIGN_STYLE = Automatic;
				INFOPLIST_FILE = ToDoListTests/Info.plist;
				LD_RUNPATH_SEARCH_PATHS = (
					"$(inherited)",
					"@executable_path/Frameworks",
					"@loader_path/Frameworks",
				);
				PRODUCT_BUNDLE_IDENTIFIER = KWK.ToDoListTests;
				PRODUCT_NAME = "$(TARGET_NAME)";
				SWIFT_VERSION = 5.0;
				TARGETED_DEVICE_FAMILY = "1,2";
				TEST_HOST = "$(BUILT_PRODUCTS_DIR)/ToDoList.app/ToDoList";
			};
			name = Debug;
		};
		1801BD8D22DCD10800668A00 /* Release */ = {
			isa = XCBuildConfiguration;
			buildSettings = {
				ALWAYS_EMBED_SWIFT_STANDARD_LIBRARIES = YES;
				BUNDLE_LOADER = "$(TEST_HOST)";
				CODE_SIGN_STYLE = Automatic;
				INFOPLIST_FILE = ToDoListTests/Info.plist;
				LD_RUNPATH_SEARCH_PATHS = (
					"$(inherited)",
					"@executable_path/Frameworks",
					"@loader_path/Frameworks",
				);
				PRODUCT_BUNDLE_IDENTIFIER = KWK.ToDoListTests;
				PRODUCT_NAME = "$(TARGET_NAME)";
				SWIFT_VERSION = 5.0;
				TARGETED_DEVICE_FAMILY = "1,2";
				TEST_HOST = "$(BUILT_PRODUCTS_DIR)/ToDoList.app/ToDoList";
			};
			name = Release;
		};
		1801BD8F22DCD10800668A00 /* Debug */ = {
			isa = XCBuildConfiguration;
			buildSettings = {
				ALWAYS_EMBED_SWIFT_STANDARD_LIBRARIES = YES;
				CODE_SIGN_STYLE = Automatic;
				INFOPLIST_FILE = ToDoListUITests/Info.plist;
				LD_RUNPATH_SEARCH_PATHS = (
					"$(inherited)",
					"@executable_path/Frameworks",
					"@loader_path/Frameworks",
				);
				PRODUCT_BUNDLE_IDENTIFIER = KWK.ToDoListUITests;
				PRODUCT_NAME = "$(TARGET_NAME)";
				SWIFT_VERSION = 5.0;
				TARGETED_DEVICE_FAMILY = "1,2";
				TEST_TARGET_NAME = ToDoList;
			};
			name = Debug;
		};
		1801BD9022DCD10800668A00 /* Release */ = {
			isa = XCBuildConfiguration;
			buildSettings = {
				ALWAYS_EMBED_SWIFT_STANDARD_LIBRARIES = YES;
				CODE_SIGN_STYLE = Automatic;
				INFOPLIST_FILE = ToDoListUITests/Info.plist;
				LD_RUNPATH_SEARCH_PATHS = (
					"$(inherited)",
					"@executable_path/Frameworks",
					"@loader_path/Frameworks",
				);
				PRODUCT_BUNDLE_IDENTIFIER = KWK.ToDoListUITests;
				PRODUCT_NAME = "$(TARGET_NAME)";
				SWIFT_VERSION = 5.0;
				TARGETED_DEVICE_FAMILY = "1,2";
				TEST_TARGET_NAME = ToDoList;
			};
			name = Release;
		};
/* End XCBuildConfiguration section */

/* Begin XCConfigurationList section */
		1801BD5822DCD10800668A00 /* Build configuration list for PBXProject "ToDoList" */ = {
			isa = XCConfigurationList;
			buildConfigurations = (
				1801BD8622DCD10800668A00 /* Debug */,
				1801BD8722DCD10800668A00 /* Release */,
			);
			defaultConfigurationIsVisible = 0;
			defaultConfigurationName = Release;
		};
		1801BD8822DCD10800668A00 /* Build configuration list for PBXNativeTarget "ToDoList" */ = {
			isa = XCConfigurationList;
			buildConfigurations = (
				1801BD8922DCD10800668A00 /* Debug */,
				1801BD8A22DCD10800668A00 /* Release */,
			);
			defaultConfigurationIsVisible = 0;
			defaultConfigurationName = Release;
		};
		1801BD8B22DCD10800668A00 /* Build configuration list for PBXNativeTarget "ToDoListTests" */ = {
			isa = XCConfigurationList;
			buildConfigurations = (
				1801BD8C22DCD10800668A00 /* Debug */,
				1801BD8D22DCD10800668A00 /* Release */,
			);
			defaultConfigurationIsVisible = 0;
			defaultConfigurationName = Release;
		};
		1801BD8E22DCD10800668A00 /* Build configuration list for PBXNativeTarget "ToDoListUITests" */ = {
			isa = XCConfigurationList;
			buildConfigurations = (
				1801BD8F22DCD10800668A00 /* Debug */,
				1801BD9022DCD10800668A00 /* Release */,
			);
			defaultConfigurationIsVisible = 0;
			defaultConfigurationName = Release;
		};
/* End XCConfigurationList section */

/* Begin XCVersionGroup section */
		1801BD6722DCD10800668A00 /* ToDoList.xcdatamodeld */ = {
			isa = XCVersionGroup;
			children = (
				1801BD6822DCD10800668A00 /* ToDoList.xcdatamodel */,
			);
			currentVersion = 1801BD6822DCD10800668A00 /* ToDoList.xcdatamodel */;
			path = ToDoList.xcdatamodeld;
			sourceTree = "<group>";
			versionGroupType = wrapper.xcdatamodel;
		};
/* End XCVersionGroup section */
	};
	rootObject = 1801BD5522DCD10800668A00 /* Project object */;
}
